
Microsoft Visual Studio Solution File, Format Version 12.00
# Visual Studio Version 16
VisualStudioVersion = 16.0.29009.5
MinimumVisualStudioVersion = 10.0.40219.1
Project("{FAE04EC0-301F-11D3-BF4B-00C04F79EFBC}") = "TestConsoleApp", "TestConsoleApp\TestConsoleApp.csproj", "{FB263B95-0D0C-4638-968F-2FE8CB397E56}"
EndProject
Project("{9A19103F-16F7-4668-BE54-9A1E7A4F7556}") = "Core", "Core\Core.csproj", "{7631B341-4FD8-4E11-8220-A1222C94235B}"
EndProject
Project("{9A19103F-16F7-4668-BE54-9A1E7A4F7556}") = "Json", "Json\Json.csproj", "{77770569-35B7-41CD-9313-0E5BDB8AB4FF}"
EndProject
Project("{9A19103F-16F7-4668-BE54-9A1E7A4F7556}") = "Xml", "Xml\Xml.csproj", "{66DC74FA-188B-49C2-A943-247CDA87BE90}"
EndProject
Project("{9A19103F-16F7-4668-BE54-9A1E7A4F7556}") = "Csv", "Csv\Csv.csproj", "{4FBD738D-6736-45AA-872B-C41B961742F0}"
EndProject
Project("{9A19103F-16F7-4668-BE54-9A1E7A4F7556}") = "WebApp.Server", "WebApp.Server\WebApp.Server.csproj", "{91E65AD5-AE0C-4E03-8B86-845CCA1190F5}"
EndProject
Project("{9A19103F-16F7-4668-BE54-9A1E7A4F7556}") = "WebApp.Client", "WebApp.Client\WebApp.Client.csproj", "{822C3A76-8D16-4E66-8D99-599F27A23BD9}"
EndProject
Project("{9A19103F-16F7-4668-BE54-9A1E7A4F7556}") = "WebApp.Shared", "WebApp.Shared\WebApp.Shared.csproj", "{F7A9991C-12A7-4542-B36F-19A384CA9825}"
EndProject
Project("{2150E333-8FDC-42A3-9474-1A3956D46DE8}") = "WebApp", "WebApp", "{0763B738-E878-45E4-AD71-BF3C09D246C2}"
EndProject
Project("{FAE04EC0-301F-11D3-BF4B-00C04F79EFBC}") = "Core.Serialization.Json", "Core.Serialization.Json\Core.Serialization.Json.csproj", "{A8CCE820-F9D2-4169-86D8-66882085F06E}"
EndProject
Global
	GlobalSection(SolutionConfigurationPlatforms) = preSolution
		Debug|Any CPU = Debug|Any CPU
		Release|Any CPU = Release|Any CPU
	EndGlobalSection
	GlobalSection(ProjectConfigurationPlatforms) = postSolution
		{FB263B95-0D0C-4638-968F-2FE8CB397E56}.Debug|Any CPU.ActiveCfg = Debug|Any CPU
		{FB263B95-0D0C-4638-968F-2FE8CB397E56}.Debug|Any CPU.Build.0 = Debug|Any CPU
		{FB263B95-0D0C-4638-968F-2FE8CB397E56}.Release|Any CPU.ActiveCfg = Release|Any CPU
		{FB263B95-0D0C-4638-968F-2FE8CB397E56}.Release|Any CPU.Build.0 = Release|Any CPU
		{7631B341-4FD8-4E11-8220-A1222C94235B}.Debug|Any CPU.ActiveCfg = Debug|Any CPU
		{7631B341-4FD8-4E11-8220-A1222C94235B}.Debug|Any CPU.Build.0 = Debug|Any CPU
		{7631B341-4FD8-4E11-8220-A1222C94235B}.Release|Any CPU.ActiveCfg = Release|Any CPU
		{7631B341-4FD8-4E11-8220-A1222C94235B}.Release|Any CPU.Build.0 = Release|Any CPU
		{77770569-35B7-41CD-9313-0E5BDB8AB4FF}.Debug|Any CPU.ActiveCfg = Debug|Any CPU
		{77770569-35B7-41CD-9313-0E5BDB8AB4FF}.Debug|Any CPU.Build.0 = Debug|Any CPU
		{77770569-35B7-41CD-9313-0E5BDB8AB4FF}.Release|Any CPU.ActiveCfg = Release|Any CPU
		{77770569-35B7-41CD-9313-0E5BDB8AB4FF}.Release|Any CPU.Build.0 = Release|Any CPU
		{66DC74FA-188B-49C2-A943-247CDA87BE90}.Debug|Any CPU.ActiveCfg = Debug|Any CPU
		{66DC74FA-188B-49C2-A943-247CDA87BE90}.Debug|Any CPU.Build.0 = Debug|Any CPU
		{66DC74FA-188B-49C2-A943-247CDA87BE90}.Release|Any CPU.ActiveCfg = Release|Any CPU
		{66DC74FA-188B-49C2-A943-247CDA87BE90}.Release|Any CPU.Build.0 = Release|Any CPU
		{4FBD738D-6736-45AA-872B-C41B961742F0}.Debug|Any CPU.ActiveCfg = Debug|Any CPU
		{4FBD738D-6736-45AA-872B-C41B961742F0}.Debug|Any CPU.Build.0 = Debug|Any CPU
		{4FBD738D-6736-45AA-872B-C41B961742F0}.Release|Any CPU.ActiveCfg = Release|Any CPU
		{4FBD738D-6736-45AA-872B-C41B961742F0}.Release|Any CPU.Build.0 = Release|Any CPU
		{91E65AD5-AE0C-4E03-8B86-845CCA1190F5}.Debug|Any CPU.ActiveCfg = Debug|Any CPU
		{91E65AD5-AE0C-4E03-8B86-845CCA1190F5}.Debug|Any CPU.Build.0 = Debug|Any CPU
		{91E65AD5-AE0C-4E03-8B86-845CCA1190F5}.Release|Any CPU.ActiveCfg = Release|Any CPU
		{91E65AD5-AE0C-4E03-8B86-845CCA1190F5}.Release|Any CPU.Build.0 = Release|Any CPU
		{822C3A76-8D16-4E66-8D99-599F27A23BD9}.Debug|Any CPU.ActiveCfg = Debug|Any CPU
		{822C3A76-8D16-4E66-8D99-599F27A23BD9}.Debug|Any CPU.Build.0 = Debug|Any CPU
		{822C3A76-8D16-4E66-8D99-599F27A23BD9}.Release|Any CPU.ActiveCfg = Release|Any CPU
		{822C3A76-8D16-4E66-8D99-599F27A23BD9}.Release|Any CPU.Build.0 = Release|Any CPU
		{F7A9991C-12A7-4542-B36F-19A384CA9825}.Debug|Any CPU.ActiveCfg = Debug|Any CPU
		{F7A9991C-12A7-4542-B36F-19A384CA9825}.Debug|Any CPU.Build.0 = Debug|Any CPU
		{F7A9991C-12A7-4542-B36F-19A384CA9825}.Release|Any CPU.ActiveCfg = Release|Any CPU
		{F7A9991C-12A7-4542-B36F-19A384CA9825}.Release|Any CPU.Build.0 = Release|Any CPU
		{A8CCE820-F9D2-4169-86D8-66882085F06E}.Debug|Any CPU.ActiveCfg = Debug|Any CPU
		{A8CCE820-F9D2-4169-86D8-66882085F06E}.Debug|Any CPU.Build.0 = Debug|Any CPU
		{A8CCE820-F9D2-4169-86D8-66882085F06E}.Release|Any CPU.ActiveCfg = Release|Any CPU
		{A8CCE820-F9D2-4169-86D8-66882085F06E}.Release|Any CPU.Build.0 = Release|Any CPU
	EndGlobalSection
	GlobalSection(SolutionProperties) = preSolution
		HideSolutionNode = FALSE
	EndGlobalSection
	GlobalSection(NestedProjects) = preSolution
		{91E65AD5-AE0C-4E03-8B86-845CCA1190F5} = {0763B738-E878-45E4-AD71-BF3C09D246C2}
		{822C3A76-8D16-4E66-8D99-599F27A23BD9} = {0763B738-E878-45E4-AD71-BF3C09D246C2}
		{F7A9991C-12A7-4542-B36F-19A384CA9825} = {0763B738-E878-45E4-AD71-BF3C09D246C2}
	EndGlobalSection
	GlobalSection(ExtensibilityGlobals) = postSolution
		SolutionGuid = {74E85E23-F8B8-4D83-8108-FA9FF45FB2DE}
	EndGlobalSection
EndGlobal
