
Microsoft Visual Studio Solution File, Format Version 12.00
# Visual Studio Version 16
VisualStudioVersion = 16.0.29009.5
MinimumVisualStudioVersion = 10.0.40219.1
Project("{FAE04EC0-301F-11D3-BF4B-00C04F79EFBC}") = "TestConsoleApp", "TestConsoleApp\TestConsoleApp.csproj", "{FB263B95-0D0C-4638-968F-2FE8CB397E56}"
EndProject
Project("{FAE04EC0-301F-11D3-BF4B-00C04F79EFBC}") = "Core", "Core\Core.csproj", "{7631B341-4FD8-4E11-8220-A1222C94235B}"
EndProject
Global
	GlobalSection(SolutionConfigurationPlatforms) = preSolution
		Debug|Any CPU = Debug|Any CPU
		Release|Any CPU = Release|Any CPU
	EndGlobalSection
	GlobalSection(ProjectConfigurationPlatforms) = postSolution
		{FB263B95-0D0C-4638-968F-2FE8CB397E56}.Debug|Any CPU.ActiveCfg = Debug|Any CPU
		{FB263B95-0D0C-4638-968F-2FE8CB397E56}.Debug|Any CPU.Build.0 = Debug|Any CPU
		{FB263B95-0D0C-4638-968F-2FE8CB397E56}.Release|Any CPU.ActiveCfg = Release|Any CPU
		{FB263B95-0D0C-4638-968F-2FE8CB397E56}.Release|Any CPU.Build.0 = Release|Any CPU
		{7631B341-4FD8-4E11-8220-A1222C94235B}.Debug|Any CPU.ActiveCfg = Debug|Any CPU
		{7631B341-4FD8-4E11-8220-A1222C94235B}.Debug|Any CPU.Build.0 = Debug|Any CPU
		{7631B341-4FD8-4E11-8220-A1222C94235B}.Release|Any CPU.ActiveCfg = Release|Any CPU
		{7631B341-4FD8-4E11-8220-A1222C94235B}.Release|Any CPU.Build.0 = Release|Any CPU
	EndGlobalSection
	GlobalSection(SolutionProperties) = preSolution
		HideSolutionNode = FALSE
	EndGlobalSection
	GlobalSection(ExtensibilityGlobals) = postSolution
		SolutionGuid = {74E85E23-F8B8-4D83-8108-FA9FF45FB2DE}
	EndGlobalSection
EndGlobal
